
Microsoft Visual Studio Solution File, Format Version 12.00
# Visual Studio Version 17
VisualStudioVersion = 17.14.36915.13
MinimumVisualStudioVersion = 10.0.40219.1
Project("{2150E333-8FDC-42A3-9474-1A3956D46DE8}") = "services", "services", "{02EA681E-C7D8-13C7-8484-4AC65E1B71E8}"
EndProject
Project("{2150E333-8FDC-42A3-9474-1A3956D46DE8}") = "catalog", "catalog", "{4DB68819-69C3-439D-9890-4FB726BF4A92}"
EndProject
Project("{FAE04EC0-301F-11D3-BF4B-00C04F79EFBC}") = "Catalog.Core", "services\catalog\Catalog.Core\Catalog.Core.csproj", "{116A4943-6E1E-4E41-9DA8-777D61C96376}"
EndProject
Project("{FAE04EC0-301F-11D3-BF4B-00C04F79EFBC}") = "Catalog.Infrastructure", "services\catalog\Catalog.Infrastructure\Catalog.Infrastructure.csproj", "{3AD4E511-27CA-4FF9-AC49-888B17BF9176}"
EndProject
Project("{FAE04EC0-301F-11D3-BF4B-00C04F79EFBC}") = "Catalog.API", "services\catalog\Catalog.API\Catalog.API.csproj", "{CC630C50-0273-4163-84D6-802EC999B2D8}"
EndProject
Project("{FAE04EC0-301F-11D3-BF4B-00C04F79EFBC}") = "Catalog.Application", "services\catalog\Catalog.Application\Catalog.Application.csproj", "{E2827483-4D92-45A5-ACCF-D5C6A52F368D}"
EndProject
Project("{E53339B2-1760-4266-BCC7-CA923CBCF16C}") = "docker-compose", "docker-compose.dcproj", "{81DDED9D-158B-E303-5F62-77A2896D2A5A}"
EndProject
Project("{2150E333-8FDC-42A3-9474-1A3956D46DE8}") = "Basket", "Basket", "{D111805B-6ACC-44CC-8469-8AD9230D371F}"
EndProject
Project("{FAE04EC0-301F-11D3-BF4B-00C04F79EFBC}") = "Basket.API", "services\basket\Basket.API\Basket.API.csproj", "{FABEEF07-B990-45E7-973C-26F8BBA69EDB}"
EndProject
Project("{FAE04EC0-301F-11D3-BF4B-00C04F79EFBC}") = "Basket.Application", "services\basket\Basket.Application\Basket.Application.csproj", "{1061AA4D-190A-41F7-83CC-C3A5CB5A382A}"
EndProject
Project("{FAE04EC0-301F-11D3-BF4B-00C04F79EFBC}") = "Basket.Core", "services\basket\Basket.Core\Basket.Core.csproj", "{E463172B-37E8-45B8-B7E2-98EB91AE610C}"
EndProject
Project("{FAE04EC0-301F-11D3-BF4B-00C04F79EFBC}") = "Basket.Infrastructure", "services\basket\Basket.Infrastructure\Basket.Infrastructure.csproj", "{C27C6A28-E072-4095-A51D-E0B5E07E55AC}"
EndProject
Project("{2150E333-8FDC-42A3-9474-1A3956D46DE8}") = "Discount", "Discount", "{EE6E19F1-9459-4AF3-BB96-A83DA5FFA729}"
EndProject
Project("{FAE04EC0-301F-11D3-BF4B-00C04F79EFBC}") = "Discount.API", "services\Discount\Discount.API\Discount.API.csproj", "{801062F0-2926-49B3-9D69-FA8A64BFFCBF}"
EndProject
Project("{FAE04EC0-301F-11D3-BF4B-00C04F79EFBC}") = "Discount.Application", "services\Discount\Discount.Application\Discount.Application.csproj", "{C4E32A8E-CB4A-427B-920E-A31124D95CC0}"
EndProject
Project("{FAE04EC0-301F-11D3-BF4B-00C04F79EFBC}") = "Discount.Core", "services\Discount\Discount.Core\Discount.Core.csproj", "{610FDC90-C551-497C-AB07-80B2013FCA2D}"
EndProject
Project("{FAE04EC0-301F-11D3-BF4B-00C04F79EFBC}") = "Discount.Infrastructure", "services\Discount\Discount.Infrastructure\Discount.Infrastructure.csproj", "{8330FA9E-5AFD-4D6D-A59A-9BB08DC993A0}"
EndProject
Project("{2150E333-8FDC-42A3-9474-1A3956D46DE8}") = "Ordering", "Ordering", "{0227C885-E4C2-4279-BD21-FB088D1B326B}"
EndProject
Project("{FAE04EC0-301F-11D3-BF4B-00C04F79EFBC}") = "Ordering.API", "services\Ordering\Ordering.API\Ordering.API.csproj", "{D4393FF6-2ED3-412E-BCC9-D1C023342A14}"
EndProject
Project("{FAE04EC0-301F-11D3-BF4B-00C04F79EFBC}") = "Ordering.Application", "services\Ordering\Ordering.Application\Ordering.Application.csproj", "{DD4D9457-5BC4-4D95-92BA-FD55843C2F67}"
EndProject
Project("{FAE04EC0-301F-11D3-BF4B-00C04F79EFBC}") = "Ordering.Core", "services\Ordering\Ordering.Core\Ordering.Core.csproj", "{8F4A6456-DA8A-4364-A014-FE4AF34813FF}"
EndProject
Project("{FAE04EC0-301F-11D3-BF4B-00C04F79EFBC}") = "Ordering.Infrastructure", "services\Ordering\Ordering.Infrastructure\Ordering.Infrastructure.csproj", "{E20FA659-9553-4D79-B5AB-78B03128F5D6}"
EndProject
Project("{2150E333-8FDC-42A3-9474-1A3956D46DE8}") = "Infrastructure", "Infrastructure", "{6AB9E98A-0EA4-4FC4-83D1-916870154F8F}"
EndProject
Project("{FAE04EC0-301F-11D3-BF4B-00C04F79EFBC}") = "EventBus.Messages", "Infrastructure\EventBus.Messages\EventBus.Messages.csproj", "{F3E034E7-EA37-4D1A-929C-638E487CFF93}"
EndProject
Project("{FAE04EC0-301F-11D3-BF4B-00C04F79EFBC}") = "Common.Logging", "Infrastructure\Common.Logging\Common.Logging.csproj", "{4668AB17-FC3A-4D15-83BF-7877244910A2}"
EndProject
Project("{2150E333-8FDC-42A3-9474-1A3956D46DE8}") = "APIGateway", "APIGateway", "{2CD15C41-711E-43D9-BBDC-16058A54FF09}"
EndProject
Project("{FAE04EC0-301F-11D3-BF4B-00C04F79EFBC}") = "Ocelot.APIGateway", "APIGateway\Ocelot.APIGateway\Ocelot.APIGateway.csproj", "{C2BABDC1-3689-43A3-A04F-EC9DAD214C40}"
EndProject
Project("{FAE04EC0-301F-11D3-BF4B-00C04F79EFBC}") = "eShop.Identity", "Infrastructure\eShop.Identity\eShop.Identity.csproj", "{2E93840C-4105-D4A8-9D2A-DB7ABC4795E0}"
EndProject
Project("{2150E333-8FDC-42A3-9474-1A3956D46DE8}") = "nginx", "nginx", "{7F095BF7-8071-4FF6-8A2C-002F19A1F48E}"
	ProjectSection(SolutionItems) = preProject
		APIGateway\nginx\id-local.conf = APIGateway\nginx\id-local.conf
		APIGateway\nginx\id-local.crt = APIGateway\nginx\id-local.crt
		APIGateway\nginx\id-local.key = APIGateway\nginx\id-local.key
		APIGateway\nginx\id-local.pfx = APIGateway\nginx\id-local.pfx
		APIGateway\nginx\nginx.Dockerfile = APIGateway\nginx\nginx.Dockerfile
		APIGateway\nginx\nginx.local.conf = APIGateway\nginx\nginx.local.conf
	EndProjectSection
EndProject
Global
	GlobalSection(SolutionConfigurationPlatforms) = preSolution
		Debug|Any CPU = Debug|Any CPU
		Release|Any CPU = Release|Any CPU
	EndGlobalSection
	GlobalSection(ProjectConfigurationPlatforms) = postSolution
		{116A4943-6E1E-4E41-9DA8-777D61C96376}.Debug|Any CPU.ActiveCfg = Debug|Any CPU
		{116A4943-6E1E-4E41-9DA8-777D61C96376}.Debug|Any CPU.Build.0 = Debug|Any CPU
		{116A4943-6E1E-4E41-9DA8-777D61C96376}.Release|Any CPU.ActiveCfg = Release|Any CPU
		{116A4943-6E1E-4E41-9DA8-777D61C96376}.Release|Any CPU.Build.0 = Release|Any CPU
		{3AD4E511-27CA-4FF9-AC49-888B17BF9176}.Debug|Any CPU.ActiveCfg = Debug|Any CPU
		{3AD4E511-27CA-4FF9-AC49-888B17BF9176}.Debug|Any CPU.Build.0 = Debug|Any CPU
		{3AD4E511-27CA-4FF9-AC49-888B17BF9176}.Release|Any CPU.ActiveCfg = Release|Any CPU
		{3AD4E511-27CA-4FF9-AC49-888B17BF9176}.Release|Any CPU.Build.0 = Release|Any CPU
		{CC630C50-0273-4163-84D6-802EC999B2D8}.Debug|Any CPU.ActiveCfg = Debug|Any CPU
		{CC630C50-0273-4163-84D6-802EC999B2D8}.Debug|Any CPU.Build.0 = Debug|Any CPU
		{CC630C50-0273-4163-84D6-802EC999B2D8}.Release|Any CPU.ActiveCfg = Release|Any CPU
		{CC630C50-0273-4163-84D6-802EC999B2D8}.Release|Any CPU.Build.0 = Release|Any CPU
		{E2827483-4D92-45A5-ACCF-D5C6A52F368D}.Debug|Any CPU.ActiveCfg = Debug|Any CPU
		{E2827483-4D92-45A5-ACCF-D5C6A52F368D}.Debug|Any CPU.Build.0 = Debug|Any CPU
		{E2827483-4D92-45A5-ACCF-D5C6A52F368D}.Release|Any CPU.ActiveCfg = Release|Any CPU
		{E2827483-4D92-45A5-ACCF-D5C6A52F368D}.Release|Any CPU.Build.0 = Release|Any CPU
		{81DDED9D-158B-E303-5F62-77A2896D2A5A}.Debug|Any CPU.ActiveCfg = Debug|Any CPU
		{81DDED9D-158B-E303-5F62-77A2896D2A5A}.Debug|Any CPU.Build.0 = Debug|Any CPU
		{81DDED9D-158B-E303-5F62-77A2896D2A5A}.Release|Any CPU.ActiveCfg = Release|Any CPU
		{81DDED9D-158B-E303-5F62-77A2896D2A5A}.Release|Any CPU.Build.0 = Release|Any CPU
		{FABEEF07-B990-45E7-973C-26F8BBA69EDB}.Debug|Any CPU.ActiveCfg = Debug|Any CPU
		{FABEEF07-B990-45E7-973C-26F8BBA69EDB}.Debug|Any CPU.Build.0 = Debug|Any CPU
		{FABEEF07-B990-45E7-973C-26F8BBA69EDB}.Release|Any CPU.ActiveCfg = Release|Any CPU
		{FABEEF07-B990-45E7-973C-26F8BBA69EDB}.Release|Any CPU.Build.0 = Release|Any CPU
		{1061AA4D-190A-41F7-83CC-C3A5CB5A382A}.Debug|Any CPU.ActiveCfg = Debug|Any CPU
		{1061AA4D-190A-41F7-83CC-C3A5CB5A382A}.Debug|Any CPU.Build.0 = Debug|Any CPU
		{1061AA4D-190A-41F7-83CC-C3A5CB5A382A}.Release|Any CPU.ActiveCfg = Release|Any CPU
		{1061AA4D-190A-41F7-83CC-C3A5CB5A382A}.Release|Any CPU.Build.0 = Release|Any CPU
		{E463172B-37E8-45B8-B7E2-98EB91AE610C}.Debug|Any CPU.ActiveCfg = Debug|Any CPU
		{E463172B-37E8-45B8-B7E2-98EB91AE610C}.Debug|Any CPU.Build.0 = Debug|Any CPU
		{E463172B-37E8-45B8-B7E2-98EB91AE610C}.Release|Any CPU.ActiveCfg = Release|Any CPU
		{E463172B-37E8-45B8-B7E2-98EB91AE610C}.Release|Any CPU.Build.0 = Release|Any CPU
		{C27C6A28-E072-4095-A51D-E0B5E07E55AC}.Debug|Any CPU.ActiveCfg = Debug|Any CPU
		{C27C6A28-E072-4095-A51D-E0B5E07E55AC}.Debug|Any CPU.Build.0 = Debug|Any CPU
		{C27C6A28-E072-4095-A51D-E0B5E07E55AC}.Release|Any CPU.ActiveCfg = Release|Any CPU
		{C27C6A28-E072-4095-A51D-E0B5E07E55AC}.Release|Any CPU.Build.0 = Release|Any CPU
		{801062F0-2926-49B3-9D69-FA8A64BFFCBF}.Debug|Any CPU.ActiveCfg = Debug|Any CPU
		{801062F0-2926-49B3-9D69-FA8A64BFFCBF}.Debug|Any CPU.Build.0 = Debug|Any CPU
		{801062F0-2926-49B3-9D69-FA8A64BFFCBF}.Release|Any CPU.ActiveCfg = Release|Any CPU
		{801062F0-2926-49B3-9D69-FA8A64BFFCBF}.Release|Any CPU.Build.0 = Release|Any CPU
		{C4E32A8E-CB4A-427B-920E-A31124D95CC0}.Debug|Any CPU.ActiveCfg = Debug|Any CPU
		{C4E32A8E-CB4A-427B-920E-A31124D95CC0}.Debug|Any CPU.Build.0 = Debug|Any CPU
		{C4E32A8E-CB4A-427B-920E-A31124D95CC0}.Release|Any CPU.ActiveCfg = Release|Any CPU
		{C4E32A8E-CB4A-427B-920E-A31124D95CC0}.Release|Any CPU.Build.0 = Release|Any CPU
		{610FDC90-C551-497C-AB07-80B2013FCA2D}.Debug|Any CPU.ActiveCfg = Debug|Any CPU
		{610FDC90-C551-497C-AB07-80B2013FCA2D}.Debug|Any CPU.Build.0 = Debug|Any CPU
		{610FDC90-C551-497C-AB07-80B2013FCA2D}.Release|Any CPU.ActiveCfg = Release|Any CPU
		{610FDC90-C551-497C-AB07-80B2013FCA2D}.Release|Any CPU.Build.0 = Release|Any CPU
		{8330FA9E-5AFD-4D6D-A59A-9BB08DC993A0}.Debug|Any CPU.ActiveCfg = Debug|Any CPU
		{8330FA9E-5AFD-4D6D-A59A-9BB08DC993A0}.Debug|Any CPU.Build.0 = Debug|Any CPU
		{8330FA9E-5AFD-4D6D-A59A-9BB08DC993A0}.Release|Any CPU.ActiveCfg = Release|Any CPU
		{8330FA9E-5AFD-4D6D-A59A-9BB08DC993A0}.Release|Any CPU.Build.0 = Release|Any CPU
		{D4393FF6-2ED3-412E-BCC9-D1C023342A14}.Debug|Any CPU.ActiveCfg = Debug|Any CPU
		{D4393FF6-2ED3-412E-BCC9-D1C023342A14}.Debug|Any CPU.Build.0 = Debug|Any CPU
		{D4393FF6-2ED3-412E-BCC9-D1C023342A14}.Release|Any CPU.ActiveCfg = Release|Any CPU
		{D4393FF6-2ED3-412E-BCC9-D1C023342A14}.Release|Any CPU.Build.0 = Release|Any CPU
		{DD4D9457-5BC4-4D95-92BA-FD55843C2F67}.Debug|Any CPU.ActiveCfg = Debug|Any CPU
		{DD4D9457-5BC4-4D95-92BA-FD55843C2F67}.Debug|Any CPU.Build.0 = Debug|Any CPU
		{DD4D9457-5BC4-4D95-92BA-FD55843C2F67}.Release|Any CPU.ActiveCfg = Release|Any CPU
		{DD4D9457-5BC4-4D95-92BA-FD55843C2F67}.Release|Any CPU.Build.0 = Release|Any CPU
		{8F4A6456-DA8A-4364-A014-FE4AF34813FF}.Debug|Any CPU.ActiveCfg = Debug|Any CPU
		{8F4A6456-DA8A-4364-A014-FE4AF34813FF}.Debug|Any CPU.Build.0 = Debug|Any CPU
		{8F4A6456-DA8A-4364-A014-FE4AF34813FF}.Release|Any CPU.ActiveCfg = Release|Any CPU
		{8F4A6456-DA8A-4364-A014-FE4AF34813FF}.Release|Any CPU.Build.0 = Release|Any CPU
		{E20FA659-9553-4D79-B5AB-78B03128F5D6}.Debug|Any CPU.ActiveCfg = Debug|Any CPU
		{E20FA659-9553-4D79-B5AB-78B03128F5D6}.Debug|Any CPU.Build.0 = Debug|Any CPU
		{E20FA659-9553-4D79-B5AB-78B03128F5D6}.Release|Any CPU.ActiveCfg = Release|Any CPU
		{E20FA659-9553-4D79-B5AB-78B03128F5D6}.Release|Any CPU.Build.0 = Release|Any CPU
		{F3E034E7-EA37-4D1A-929C-638E487CFF93}.Debug|Any CPU.ActiveCfg = Debug|Any CPU
		{F3E034E7-EA37-4D1A-929C-638E487CFF93}.Debug|Any CPU.Build.0 = Debug|Any CPU
		{F3E034E7-EA37-4D1A-929C-638E487CFF93}.Release|Any CPU.ActiveCfg = Release|Any CPU
		{F3E034E7-EA37-4D1A-929C-638E487CFF93}.Release|Any CPU.Build.0 = Release|Any CPU
		{4668AB17-FC3A-4D15-83BF-7877244910A2}.Debug|Any CPU.ActiveCfg = Debug|Any CPU
		{4668AB17-FC3A-4D15-83BF-7877244910A2}.Debug|Any CPU.Build.0 = Debug|Any CPU
		{4668AB17-FC3A-4D15-83BF-7877244910A2}.Release|Any CPU.ActiveCfg = Release|Any CPU
		{4668AB17-FC3A-4D15-83BF-7877244910A2}.Release|Any CPU.Build.0 = Release|Any CPU
		{C2BABDC1-3689-43A3-A04F-EC9DAD214C40}.Debug|Any CPU.ActiveCfg = Debug|Any CPU
		{C2BABDC1-3689-43A3-A04F-EC9DAD214C40}.Debug|Any CPU.Build.0 = Debug|Any CPU
		{C2BABDC1-3689-43A3-A04F-EC9DAD214C40}.Release|Any CPU.ActiveCfg = Release|Any CPU
		{C2BABDC1-3689-43A3-A04F-EC9DAD214C40}.Release|Any CPU.Build.0 = Release|Any CPU
		{2E93840C-4105-D4A8-9D2A-DB7ABC4795E0}.Debug|Any CPU.ActiveCfg = Debug|Any CPU
		{2E93840C-4105-D4A8-9D2A-DB7ABC4795E0}.Debug|Any CPU.Build.0 = Debug|Any CPU
		{2E93840C-4105-D4A8-9D2A-DB7ABC4795E0}.Release|Any CPU.ActiveCfg = Release|Any CPU
		{2E93840C-4105-D4A8-9D2A-DB7ABC4795E0}.Release|Any CPU.Build.0 = Release|Any CPU
	EndGlobalSection
	GlobalSection(SolutionProperties) = preSolution
		HideSolutionNode = FALSE
	EndGlobalSection
	GlobalSection(NestedProjects) = preSolution
		{4DB68819-69C3-439D-9890-4FB726BF4A92} = {02EA681E-C7D8-13C7-8484-4AC65E1B71E8}
		{116A4943-6E1E-4E41-9DA8-777D61C96376} = {4DB68819-69C3-439D-9890-4FB726BF4A92}
		{3AD4E511-27CA-4FF9-AC49-888B17BF9176} = {4DB68819-69C3-439D-9890-4FB726BF4A92}
		{CC630C50-0273-4163-84D6-802EC999B2D8} = {4DB68819-69C3-439D-9890-4FB726BF4A92}
		{E2827483-4D92-45A5-ACCF-D5C6A52F368D} = {4DB68819-69C3-439D-9890-4FB726BF4A92}
		{D111805B-6ACC-44CC-8469-8AD9230D371F} = {02EA681E-C7D8-13C7-8484-4AC65E1B71E8}
		{FABEEF07-B990-45E7-973C-26F8BBA69EDB} = {D111805B-6ACC-44CC-8469-8AD9230D371F}
		{1061AA4D-190A-41F7-83CC-C3A5CB5A382A} = {D111805B-6ACC-44CC-8469-8AD9230D371F}
		{E463172B-37E8-45B8-B7E2-98EB91AE610C} = {D111805B-6ACC-44CC-8469-8AD9230D371F}
		{C27C6A28-E072-4095-A51D-E0B5E07E55AC} = {D111805B-6ACC-44CC-8469-8AD9230D371F}
		{EE6E19F1-9459-4AF3-BB96-A83DA5FFA729} = {02EA681E-C7D8-13C7-8484-4AC65E1B71E8}
		{801062F0-2926-49B3-9D69-FA8A64BFFCBF} = {EE6E19F1-9459-4AF3-BB96-A83DA5FFA729}
		{C4E32A8E-CB4A-427B-920E-A31124D95CC0} = {EE6E19F1-9459-4AF3-BB96-A83DA5FFA729}
		{610FDC90-C551-497C-AB07-80B2013FCA2D} = {EE6E19F1-9459-4AF3-BB96-A83DA5FFA729}
		{8330FA9E-5AFD-4D6D-A59A-9BB08DC993A0} = {EE6E19F1-9459-4AF3-BB96-A83DA5FFA729}
		{0227C885-E4C2-4279-BD21-FB088D1B326B} = {02EA681E-C7D8-13C7-8484-4AC65E1B71E8}
		{D4393FF6-2ED3-412E-BCC9-D1C023342A14} = {0227C885-E4C2-4279-BD21-FB088D1B326B}
		{DD4D9457-5BC4-4D95-92BA-FD55843C2F67} = {0227C885-E4C2-4279-BD21-FB088D1B326B}
		{8F4A6456-DA8A-4364-A014-FE4AF34813FF} = {0227C885-E4C2-4279-BD21-FB088D1B326B}
		{E20FA659-9553-4D79-B5AB-78B03128F5D6} = {0227C885-E4C2-4279-BD21-FB088D1B326B}
		{F3E034E7-EA37-4D1A-929C-638E487CFF93} = {6AB9E98A-0EA4-4FC4-83D1-916870154F8F}
		{4668AB17-FC3A-4D15-83BF-7877244910A2} = {6AB9E98A-0EA4-4FC4-83D1-916870154F8F}
		{C2BABDC1-3689-43A3-A04F-EC9DAD214C40} = {2CD15C41-711E-43D9-BBDC-16058A54FF09}
		{2E93840C-4105-D4A8-9D2A-DB7ABC4795E0} = {6AB9E98A-0EA4-4FC4-83D1-916870154F8F}
		{7F095BF7-8071-4FF6-8A2C-002F19A1F48E} = {2CD15C41-711E-43D9-BBDC-16058A54FF09}
	EndGlobalSection
	GlobalSection(ExtensibilityGlobals) = postSolution
		SolutionGuid = {524A2680-48B5-4630-B7B5-CAFF4206D937}
	EndGlobalSection
EndGlobal
